
Microsoft Visual Studio Solution File, Format Version 12.00
# Visual Studio Version 17
VisualStudioVersion = 17.3.32922.545
MinimumVisualStudioVersion = 10.0.40219.1
Project("{FAE04EC0-301F-11D3-BF4B-00C04F79EFBC}") = "Test2_EmployeeSalary_Abstraction", "Test2_EmployeeSalary_Abstraction\Test2_EmployeeSalary_Abstraction.csproj", "{0D2EAD93-6F3E-424A-8BCC-1F22350ABEBE}"
EndProject
Global
	GlobalSection(SolutionConfigurationPlatforms) = preSolution
		Debug|Any CPU = Debug|Any CPU
		Release|Any CPU = Release|Any CPU
	EndGlobalSection
	GlobalSection(ProjectConfigurationPlatforms) = postSolution
		{0D2EAD93-6F3E-424A-8BCC-1F22350ABEBE}.Debug|Any CPU.ActiveCfg = Debug|Any CPU
		{0D2EAD93-6F3E-424A-8BCC-1F22350ABEBE}.Debug|Any CPU.Build.0 = Debug|Any CPU
		{0D2EAD93-6F3E-424A-8BCC-1F22350ABEBE}.Release|Any CPU.ActiveCfg = Release|Any CPU
		{0D2EAD93-6F3E-424A-8BCC-1F22350ABEBE}.Release|Any CPU.Build.0 = Release|Any CPU
	EndGlobalSection
	GlobalSection(SolutionProperties) = preSolution
		HideSolutionNode = FALSE
	EndGlobalSection
	GlobalSection(ExtensibilityGlobals) = postSolution
		SolutionGuid = {A6C70B6A-0332-4CF8-B3CD-4680C3148CD7}
	EndGlobalSection
EndGlobal
